
Microsoft Visual Studio Solution File, Format Version 12.00
# Visual Studio Version 17
VisualStudioVersion = 17.8.34525.116
MinimumVisualStudioVersion = 10.0.40219.1
Project("{9A19103F-16F7-4668-BE54-9A1E7A4F7556}") = "ServerConfigurationUtility", "ServerConfigurationUtility\ServerConfigurationUtility.csproj", "{19870A5B-D49C-414B-A13C-05A4CF0AF83C}"
EndProject
Project("{2150E333-8FDC-42A3-9474-1A3956D46DE8}") = "Solution Items", "Solution Items", "{63B63DB2-33C1-4721-B6A4-6870CA0EA532}"
	ProjectSection(SolutionItems) = preProject
		.gitignore = .gitignore
	EndProjectSection
EndProject
Global
	GlobalSection(SolutionConfigurationPlatforms) = preSolution
		Debug|Any CPU = Debug|Any CPU
		Release|Any CPU = Release|Any CPU
	EndGlobalSection
	GlobalSection(ProjectConfigurationPlatforms) = postSolution
		{19870A5B-D49C-414B-A13C-05A4CF0AF83C}.Debug|Any CPU.ActiveCfg = Debug|Any CPU
		{19870A5B-D49C-414B-A13C-05A4CF0AF83C}.Debug|Any CPU.Build.0 = Debug|Any CPU
		{19870A5B-D49C-414B-A13C-05A4CF0AF83C}.Release|Any CPU.ActiveCfg = Release|Any CPU
		{19870A5B-D49C-414B-A13C-05A4CF0AF83C}.Release|Any CPU.Build.0 = Release|Any CPU
	EndGlobalSection
	GlobalSection(SolutionProperties) = preSolution
		HideSolutionNode = FALSE
	EndGlobalSection
	GlobalSection(ExtensibilityGlobals) = postSolution
		SolutionGuid = {9F7528C8-0C07-4FFC-A92B-3E3ACAA0597B}
	EndGlobalSection
EndGlobal
